
Microsoft Visual Studio Solution File, Format Version 12.00
# Visual Studio Version 16
VisualStudioVersion = 16.0.29025.244
MinimumVisualStudioVersion = 10.0.40219.1
Project("{FAE04EC0-301F-11D3-BF4B-00C04F79EFBC}") = "WebApiVitor", "WebApiVitor\WebApiVitor.csproj", "{D5060DD2-E2D6-4B2F-B05C-FDD8BD1CC18E}"
EndProject
Global
	GlobalSection(SolutionConfigurationPlatforms) = preSolution
		Debug|Any CPU = Debug|Any CPU
		Release|Any CPU = Release|Any CPU
	EndGlobalSection
	GlobalSection(ProjectConfigurationPlatforms) = postSolution
		{D5060DD2-E2D6-4B2F-B05C-FDD8BD1CC18E}.Debug|Any CPU.ActiveCfg = Debug|Any CPU
		{D5060DD2-E2D6-4B2F-B05C-FDD8BD1CC18E}.Debug|Any CPU.Build.0 = Debug|Any CPU
		{D5060DD2-E2D6-4B2F-B05C-FDD8BD1CC18E}.Release|Any CPU.ActiveCfg = Release|Any CPU
		{D5060DD2-E2D6-4B2F-B05C-FDD8BD1CC18E}.Release|Any CPU.Build.0 = Release|Any CPU
	EndGlobalSection
	GlobalSection(SolutionProperties) = preSolution
		HideSolutionNode = FALSE
	EndGlobalSection
	GlobalSection(ExtensibilityGlobals) = postSolution
		SolutionGuid = {FD9052FE-DCC4-43B3-942C-9446A4881AA1}
	EndGlobalSection
EndGlobal
